// !$*UTF8*$!
{
	archiveVersion = 1;
	classes = {
	};
	objectVersion = 55;
	objects = {

/* Begin PBXBuildFile section */
		095243692A0E13F60013D62E /* Netflix_CloneApp.swift in Sources */ = {isa = PBXBuildFile; fileRef = 095243682A0E13F60013D62E /* Netflix_CloneApp.swift */; };
		0952436B2A0E13F60013D62E /* ContentView.swift in Sources */ = {isa = PBXBuildFile; fileRef = 0952436A2A0E13F60013D62E /* ContentView.swift */; };
		0952436D2A0E13FB0013D62E /* Assets.xcassets in Resources */ = {isa = PBXBuildFile; fileRef = 0952436C2A0E13FB0013D62E /* Assets.xcassets */; };
		095243702A0E13FB0013D62E /* Preview Assets.xcassets in Resources */ = {isa = PBXBuildFile; fileRef = 0952436F2A0E13FB0013D62E /* Preview Assets.xcassets */; };
		0952437E2A0E178D0013D62E /* SplashScreen.swift in Sources */ = {isa = PBXBuildFile; fileRef = 0952437D2A0E178D0013D62E /* SplashScreen.swift */; };
		095243812A0E17D70013D62E /* SDWebImageSwiftUI in Frameworks */ = {isa = PBXBuildFile; productRef = 095243802A0E17D70013D62E /* SDWebImageSwiftUI */; };
		095243842A0E2A070013D62E /* logo.gif in Resources */ = {isa = PBXBuildFile; fileRef = 095243832A0E2A060013D62E /* logo.gif */; };
		095243862A0E33850013D62E /* HomeScreen.swift in Sources */ = {isa = PBXBuildFile; fileRef = 095243852A0E33850013D62E /* HomeScreen.swift */; };
		095243892A0E49280013D62E /* TabBar.swift in Sources */ = {isa = PBXBuildFile; fileRef = 095243882A0E49280013D62E /* TabBar.swift */; };
		0952438B2A0E4EC80013D62E /* TabCurve.swift in Sources */ = {isa = PBXBuildFile; fileRef = 0952438A2A0E4EC80013D62E /* TabCurve.swift */; };
		0952439A2A0E81550013D62E /* ComingSoonView.swift in Sources */ = {isa = PBXBuildFile; fileRef = 095243992A0E81540013D62E /* ComingSoonView.swift */; };
		0952439D2A0E85740013D62E /* ComingSoon.swift in Sources */ = {isa = PBXBuildFile; fileRef = 0952439C2A0E85740013D62E /* ComingSoon.swift */; };
		0952439F2A0E92190013D62E /* HomeView.swift in Sources */ = {isa = PBXBuildFile; fileRef = 0952439E2A0E92180013D62E /* HomeView.swift */; };
		097100E52A0F5F0C00FCDE4D /* MovieUpcomingState.swift in Sources */ = {isa = PBXBuildFile; fileRef = 097100E42A0F5F0C00FCDE4D /* MovieUpcomingState.swift */; };
		097100E72A0F5F5600FCDE4D /* MovieSection.swift in Sources */ = {isa = PBXBuildFile; fileRef = 097100E62A0F5F5600FCDE4D /* MovieSection.swift */; };
		098593562A0F995700AA5E8B /* ParticleEffect.swift in Sources */ = {isa = PBXBuildFile; fileRef = 098593552A0F995700AA5E8B /* ParticleEffect.swift */; };
		098593582A0F997300AA5E8B /* Particle.swift in Sources */ = {isa = PBXBuildFile; fileRef = 098593572A0F997300AA5E8B /* Particle.swift */; };
		09D0A0D12A0EC63E009CB7FA /* ProfileView.swift in Sources */ = {isa = PBXBuildFile; fileRef = 09D0A0D02A0EC63E009CB7FA /* ProfileView.swift */; };
		09D0A0D32A0ECB80009CB7FA /* VideoManager.swift in Sources */ = {isa = PBXBuildFile; fileRef = 09D0A0D22A0ECB7F009CB7FA /* VideoManager.swift */; };
		09D0A0D52A0ECBCF009CB7FA /* VideoView.swift in Sources */ = {isa = PBXBuildFile; fileRef = 09D0A0D42A0ECBCF009CB7FA /* VideoView.swift */; };
		09D0A0D72A0F215C009CB7FA /* SearchView.swift in Sources */ = {isa = PBXBuildFile; fileRef = 09D0A0D62A0F215B009CB7FA /* SearchView.swift */; };
		09D0A0D92A0F21F6009CB7FA /* SearchBar.swift in Sources */ = {isa = PBXBuildFile; fileRef = 09D0A0D82A0F21F6009CB7FA /* SearchBar.swift */; };
		09D0A0DB2A0F2320009CB7FA /* SearchState.swift in Sources */ = {isa = PBXBuildFile; fileRef = 09D0A0DA2A0F2320009CB7FA /* SearchState.swift */; };
		09D0A0DD2A0F2832009CB7FA /* Movie.swift in Sources */ = {isa = PBXBuildFile; fileRef = 09D0A0DC2A0F2831009CB7FA /* Movie.swift */; };
		09D0A0E02A0F28AF009CB7FA /* MovieService.swift in Sources */ = {isa = PBXBuildFile; fileRef = 09D0A0DF2A0F28AF009CB7FA /* MovieService.swift */; };
		09D0A0E22A0F2CBD009CB7FA /* MovieStore.swift in Sources */ = {isa = PBXBuildFile; fileRef = 09D0A0E12A0F2CBD009CB7FA /* MovieStore.swift */; };
		09D0A0E42A0F2D70009CB7FA /* Utils.swift in Sources */ = {isa = PBXBuildFile; fileRef = 09D0A0E32A0F2D70009CB7FA /* Utils.swift */; };
		09D0A0E62A0F341F009CB7FA /* Movie+Stub.swift in Sources */ = {isa = PBXBuildFile; fileRef = 09D0A0E52A0F341F009CB7FA /* Movie+Stub.swift */; };
		09D0A0EB2A0F3812009CB7FA /* search_movie.json in Resources */ = {isa = PBXBuildFile; fileRef = 09D0A0E82A0F3812009CB7FA /* search_movie.json */; };
		09D0A0EC2A0F3812009CB7FA /* movie_list.json in Resources */ = {isa = PBXBuildFile; fileRef = 09D0A0E92A0F3812009CB7FA /* movie_list.json */; };
		09D0A0ED2A0F3812009CB7FA /* movie_info.json in Resources */ = {isa = PBXBuildFile; fileRef = 09D0A0EA2A0F3812009CB7FA /* movie_info.json */; };
		09D0A0EF2A0F3890009CB7FA /* LoadingView.swift in Sources */ = {isa = PBXBuildFile; fileRef = 09D0A0EE2A0F3890009CB7FA /* LoadingView.swift */; };
		09D0A0F12A0F38C0009CB7FA /* ActivityIndicator.swift in Sources */ = {isa = PBXBuildFile; fileRef = 09D0A0F02A0F38C0009CB7FA /* ActivityIndicator.swift */; };
		09D0A0F42A0F3929009CB7FA /* MovieState.swift in Sources */ = {isa = PBXBuildFile; fileRef = 09D0A0F32A0F3929009CB7FA /* MovieState.swift */; };
		09D0A0F62A0F3960009CB7FA /* DataFetchPhase.swift in Sources */ = {isa = PBXBuildFile; fileRef = 09D0A0F52A0F3960009CB7FA /* DataFetchPhase.swift */; };
		09D0A0FA2A0F3AF3009CB7FA /* EmptyPlaceholderView.swift in Sources */ = {isa = PBXBuildFile; fileRef = 09D0A0F92A0F3AF3009CB7FA /* EmptyPlaceholderView.swift */; };
		09D0A0FE2A0F3C08009CB7FA /* RetryView.swift in Sources */ = {isa = PBXBuildFile; fileRef = 09D0A0FD2A0F3C08009CB7FA /* RetryView.swift */; };
		09D0A1002A0F3F02009CB7FA /* MovieThumbnailView.swift in Sources */ = {isa = PBXBuildFile; fileRef = 09D0A0FF2A0F3F02009CB7FA /* MovieThumbnailView.swift */; };
		09D0A1022A0F3F59009CB7FA /* ImageLoader.swift in Sources */ = {isa = PBXBuildFile; fileRef = 09D0A1012A0F3F58009CB7FA /* ImageLoader.swift */; };
		09D0A1042A0F4482009CB7FA /* MovieDetailView.swift in Sources */ = {isa = PBXBuildFile; fileRef = 09D0A1032A0F4482009CB7FA /* MovieDetailView.swift */; };
		09D0A1062A0F4EAF009CB7FA /* MovieDetailState.swift in Sources */ = {isa = PBXBuildFile; fileRef = 09D0A1052A0F4EAF009CB7FA /* MovieDetailState.swift */; };
		09D0A1082A0F4EEE009CB7FA /* DataFetchOverlayView.swift in Sources */ = {isa = PBXBuildFile; fileRef = 09D0A1072A0F4EEE009CB7FA /* DataFetchOverlayView.swift */; };
		09D0A10A2A0F4F14009CB7FA /* SafariView.swift in Sources */ = {isa = PBXBuildFile; fileRef = 09D0A1092A0F4F14009CB7FA /* SafariView.swift */; };
		09D0A10C2A0F55D7009CB7FA /* CustomCarousel.swift in Sources */ = {isa = PBXBuildFile; fileRef = 09D0A10B2A0F55D7009CB7FA /* CustomCarousel.swift */; };
/* End PBXBuildFile section */

/* Begin PBXFileReference section */
		095243652A0E13F60013D62E /* Netflix Clone.app */ = {isa = PBXFileReference; explicitFileType = wrapper.application; includeInIndex = 0; path = "Netflix Clone.app"; sourceTree = BUILT_PRODUCTS_DIR; };
		095243682A0E13F60013D62E /* Netflix_CloneApp.swift */ = {isa = PBXFileReference; lastKnownFileType = sourcecode.swift; path = Netflix_CloneApp.swift; sourceTree = "<group>"; };
		0952436A2A0E13F60013D62E /* ContentView.swift */ = {isa = PBXFileReference; lastKnownFileType = sourcecode.swift; path = ContentView.swift; sourceTree = "<group>"; };
		0952436C2A0E13FB0013D62E /* Assets.xcassets */ = {isa = PBXFileReference; lastKnownFileType = folder.assetcatalog; path = Assets.xcassets; sourceTree = "<group>"; };
		0952436F2A0E13FB0013D62E /* Preview Assets.xcassets */ = {isa = PBXFileReference; lastKnownFileType = folder.assetcatalog; path = "Preview Assets.xcassets"; sourceTree = "<group>"; };
		0952437D2A0E178D0013D62E /* SplashScreen.swift */ = {isa = PBXFileReference; lastKnownFileType = sourcecode.swift; path = SplashScreen.swift; sourceTree = "<group>"; };
		095243822A0E1A560013D62E /* Netflix-Clone-Info.plist */ = {isa = PBXFileReference; lastKnownFileType = text.plist; path = "Netflix-Clone-Info.plist"; sourceTree = SOURCE_ROOT; };
		095243832A0E2A060013D62E /* logo.gif */ = {isa = PBXFileReference; lastKnownFileType = image.gif; path = logo.gif; sourceTree = "<group>"; };
		095243852A0E33850013D62E /* HomeScreen.swift */ = {isa = PBXFileReference; lastKnownFileType = sourcecode.swift; path = HomeScreen.swift; sourceTree = "<group>"; };
		095243882A0E49280013D62E /* TabBar.swift */ = {isa = PBXFileReference; lastKnownFileType = sourcecode.swift; path = TabBar.swift; sourceTree = "<group>"; };
		0952438A2A0E4EC80013D62E /* TabCurve.swift */ = {isa = PBXFileReference; lastKnownFileType = sourcecode.swift; path = TabCurve.swift; sourceTree = "<group>"; };
		095243992A0E81540013D62E /* ComingSoonView.swift */ = {isa = PBXFileReference; lastKnownFileType = sourcecode.swift; path = ComingSoonView.swift; sourceTree = "<group>"; };
		0952439C2A0E85740013D62E /* ComingSoon.swift */ = {isa = PBXFileReference; lastKnownFileType = sourcecode.swift; path = ComingSoon.swift; sourceTree = "<group>"; };
		0952439E2A0E92180013D62E /* HomeView.swift */ = {isa = PBXFileReference; lastKnownFileType = sourcecode.swift; path = HomeView.swift; sourceTree = "<group>"; };
		097100E42A0F5F0C00FCDE4D /* MovieUpcomingState.swift */ = {isa = PBXFileReference; lastKnownFileType = sourcecode.swift; path = MovieUpcomingState.swift; sourceTree = "<group>"; };
		097100E62A0F5F5600FCDE4D /* MovieSection.swift */ = {isa = PBXFileReference; lastKnownFileType = sourcecode.swift; path = MovieSection.swift; sourceTree = "<group>"; };
		098593552A0F995700AA5E8B /* ParticleEffect.swift */ = {isa = PBXFileReference; lastKnownFileType = sourcecode.swift; path = ParticleEffect.swift; sourceTree = "<group>"; };
		098593572A0F997300AA5E8B /* Particle.swift */ = {isa = PBXFileReference; lastKnownFileType = sourcecode.swift; path = Particle.swift; sourceTree = "<group>"; };
		09D0A0D02A0EC63E009CB7FA /* ProfileView.swift */ = {isa = PBXFileReference; lastKnownFileType = sourcecode.swift; path = ProfileView.swift; sourceTree = "<group>"; };
		09D0A0D22A0ECB7F009CB7FA /* VideoManager.swift */ = {isa = PBXFileReference; lastKnownFileType = sourcecode.swift; path = VideoManager.swift; sourceTree = "<group>"; };
		09D0A0D42A0ECBCF009CB7FA /* VideoView.swift */ = {isa = PBXFileReference; lastKnownFileType = sourcecode.swift; path = VideoView.swift; sourceTree = "<group>"; };
		09D0A0D62A0F215B009CB7FA /* SearchView.swift */ = {isa = PBXFileReference; lastKnownFileType = sourcecode.swift; path = SearchView.swift; sourceTree = "<group>"; };
		09D0A0D82A0F21F6009CB7FA /* SearchBar.swift */ = {isa = PBXFileReference; lastKnownFileType = sourcecode.swift; path = SearchBar.swift; sourceTree = "<group>"; };
		09D0A0DA2A0F2320009CB7FA /* SearchState.swift */ = {isa = PBXFileReference; lastKnownFileType = sourcecode.swift; path = SearchState.swift; sourceTree = "<group>"; };
		09D0A0DC2A0F2831009CB7FA /* Movie.swift */ = {isa = PBXFileReference; lastKnownFileType = sourcecode.swift; path = Movie.swift; sourceTree = "<group>"; };
		09D0A0DF2A0F28AF009CB7FA /* MovieService.swift */ = {isa = PBXFileReference; lastKnownFileType = sourcecode.swift; path = MovieService.swift; sourceTree = "<group>"; };
		09D0A0E12A0F2CBD009CB7FA /* MovieStore.swift */ = {isa = PBXFileReference; lastKnownFileType = sourcecode.swift; path = MovieStore.swift; sourceTree = "<group>"; };
		09D0A0E32A0F2D70009CB7FA /* Utils.swift */ = {isa = PBXFileReference; lastKnownFileType = sourcecode.swift; path = Utils.swift; sourceTree = "<group>"; };
		09D0A0E52A0F341F009CB7FA /* Movie+Stub.swift */ = {isa = PBXFileReference; lastKnownFileType = sourcecode.swift; path = "Movie+Stub.swift"; sourceTree = "<group>"; };
		09D0A0E82A0F3812009CB7FA /* search_movie.json */ = {isa = PBXFileReference; fileEncoding = 4; lastKnownFileType = text.json; path = search_movie.json; sourceTree = "<group>"; };
		09D0A0E92A0F3812009CB7FA /* movie_list.json */ = {isa = PBXFileReference; fileEncoding = 4; lastKnownFileType = text.json; path = movie_list.json; sourceTree = "<group>"; };
		09D0A0EA2A0F3812009CB7FA /* movie_info.json */ = {isa = PBXFileReference; fileEncoding = 4; lastKnownFileType = text.json; path = movie_info.json; sourceTree = "<group>"; };
		09D0A0EE2A0F3890009CB7FA /* LoadingView.swift */ = {isa = PBXFileReference; lastKnownFileType = sourcecode.swift; path = LoadingView.swift; sourceTree = "<group>"; };
		09D0A0F02A0F38C0009CB7FA /* ActivityIndicator.swift */ = {isa = PBXFileReference; lastKnownFileType = sourcecode.swift; path = ActivityIndicator.swift; sourceTree = "<group>"; };
		09D0A0F32A0F3929009CB7FA /* MovieState.swift */ = {isa = PBXFileReference; lastKnownFileType = sourcecode.swift; path = MovieState.swift; sourceTree = "<group>"; };
		09D0A0F52A0F3960009CB7FA /* DataFetchPhase.swift */ = {isa = PBXFileReference; lastKnownFileType = sourcecode.swift; path = DataFetchPhase.swift; sourceTree = "<group>"; };
		09D0A0F92A0F3AF3009CB7FA /* EmptyPlaceholderView.swift */ = {isa = PBXFileReference; lastKnownFileType = sourcecode.swift; path = EmptyPlaceholderView.swift; sourceTree = "<group>"; };
		09D0A0FD2A0F3C08009CB7FA /* RetryView.swift */ = {isa = PBXFileReference; lastKnownFileType = sourcecode.swift; path = RetryView.swift; sourceTree = "<group>"; };
		09D0A0FF2A0F3F02009CB7FA /* MovieThumbnailView.swift */ = {isa = PBXFileReference; lastKnownFileType = sourcecode.swift; path = MovieThumbnailView.swift; sourceTree = "<group>"; };
		09D0A1012A0F3F58009CB7FA /* ImageLoader.swift */ = {isa = PBXFileReference; lastKnownFileType = sourcecode.swift; path = ImageLoader.swift; sourceTree = "<group>"; };
		09D0A1032A0F4482009CB7FA /* MovieDetailView.swift */ = {isa = PBXFileReference; lastKnownFileType = sourcecode.swift; path = MovieDetailView.swift; sourceTree = "<group>"; };
		09D0A1052A0F4EAF009CB7FA /* MovieDetailState.swift */ = {isa = PBXFileReference; lastKnownFileType = sourcecode.swift; path = MovieDetailState.swift; sourceTree = "<group>"; };
		09D0A1072A0F4EEE009CB7FA /* DataFetchOverlayView.swift */ = {isa = PBXFileReference; lastKnownFileType = sourcecode.swift; path = DataFetchOverlayView.swift; sourceTree = "<group>"; };
		09D0A1092A0F4F14009CB7FA /* SafariView.swift */ = {isa = PBXFileReference; lastKnownFileType = sourcecode.swift; path = SafariView.swift; sourceTree = "<group>"; };
		09D0A10B2A0F55D7009CB7FA /* CustomCarousel.swift */ = {isa = PBXFileReference; lastKnownFileType = sourcecode.swift; path = CustomCarousel.swift; sourceTree = "<group>"; };
/* End PBXFileReference section */

/* Begin PBXFrameworksBuildPhase section */
		095243622A0E13F60013D62E /* Frameworks */ = {
			isa = PBXFrameworksBuildPhase;
			buildActionMask = 2147483647;
			files = (
				095243812A0E17D70013D62E /* SDWebImageSwiftUI in Frameworks */,
			);
			runOnlyForDeploymentPostprocessing = 0;
		};
/* End PBXFrameworksBuildPhase section */

/* Begin PBXGroup section */
		0952435C2A0E13F60013D62E = {
			isa = PBXGroup;
			children = (
				095243672A0E13F60013D62E /* Netflix Clone */,
				095243662A0E13F60013D62E /* Products */,
			);
			sourceTree = "<group>";
		};
		095243662A0E13F60013D62E /* Products */ = {
			isa = PBXGroup;
			children = (
				095243652A0E13F60013D62E /* Netflix Clone.app */,
			);
			name = Products;
			sourceTree = "<group>";
		};
		095243672A0E13F60013D62E /* Netflix Clone */ = {
			isa = PBXGroup;
			children = (
				095243832A0E2A060013D62E /* logo.gif */,
				095243822A0E1A560013D62E /* Netflix-Clone-Info.plist */,
				09D0A0F22A0F391D009CB7FA /* Bindings */,
				09D0A0E72A0F3429009CB7FA /* Resources */,
				09D0A0DE2A0F28A0009CB7FA /* Services */,
				0952439B2A0E85570013D62E /* Models */,
				0952437C2A0E177A0013D62E /* Views */,
				095243682A0E13F60013D62E /* Netflix_CloneApp.swift */,
				0952436A2A0E13F60013D62E /* ContentView.swift */,
				0952436C2A0E13FB0013D62E /* Assets.xcassets */,
				0952436E2A0E13FB0013D62E /* Preview Content */,
				09D0A0D22A0ECB7F009CB7FA /* VideoManager.swift */,
			);
			path = "Netflix Clone";
			sourceTree = "<group>";
		};
		0952436E2A0E13FB0013D62E /* Preview Content */ = {
			isa = PBXGroup;
			children = (
				0952436F2A0E13FB0013D62E /* Preview Assets.xcassets */,
			);
			path = "Preview Content";
			sourceTree = "<group>";
		};
		0952437C2A0E177A0013D62E /* Views */ = {
			isa = PBXGroup;
			children = (
				095243872A0E49160013D62E /* Components */,
				0952437D2A0E178D0013D62E /* SplashScreen.swift */,
				095243852A0E33850013D62E /* HomeScreen.swift */,
				095243992A0E81540013D62E /* ComingSoonView.swift */,
				0952439E2A0E92180013D62E /* HomeView.swift */,
				09D0A0D02A0EC63E009CB7FA /* ProfileView.swift */,
				09D0A0D42A0ECBCF009CB7FA /* VideoView.swift */,
				09D0A0D62A0F215B009CB7FA /* SearchView.swift */,
				09D0A0EE2A0F3890009CB7FA /* LoadingView.swift */,
				09D0A0F92A0F3AF3009CB7FA /* EmptyPlaceholderView.swift */,
				09D0A0FD2A0F3C08009CB7FA /* RetryView.swift */,
				09D0A0FF2A0F3F02009CB7FA /* MovieThumbnailView.swift */,
				09D0A1032A0F4482009CB7FA /* MovieDetailView.swift */,
				09D0A1072A0F4EEE009CB7FA /* DataFetchOverlayView.swift */,
				09D0A1092A0F4F14009CB7FA /* SafariView.swift */,
			);
			path = Views;
			sourceTree = "<group>";
		};
		095243872A0E49160013D62E /* Components */ = {
			isa = PBXGroup;
			children = (
				095243882A0E49280013D62E /* TabBar.swift */,
				0952438A2A0E4EC80013D62E /* TabCurve.swift */,
				09D0A0D82A0F21F6009CB7FA /* SearchBar.swift */,
				09D0A0DA2A0F2320009CB7FA /* SearchState.swift */,
				09D0A0F02A0F38C0009CB7FA /* ActivityIndicator.swift */,
				09D0A10B2A0F55D7009CB7FA /* CustomCarousel.swift */,
				098593552A0F995700AA5E8B /* ParticleEffect.swift */,
			);
			path = Components;
			sourceTree = "<group>";
		};
		0952439B2A0E85570013D62E /* Models */ = {
			isa = PBXGroup;
			children = (
				0952439C2A0E85740013D62E /* ComingSoon.swift */,
				09D0A0DC2A0F2831009CB7FA /* Movie.swift */,
				09D0A0E52A0F341F009CB7FA /* Movie+Stub.swift */,
				09D0A0F52A0F3960009CB7FA /* DataFetchPhase.swift */,
				097100E62A0F5F5600FCDE4D /* MovieSection.swift */,
				098593572A0F997300AA5E8B /* Particle.swift */,
			);
			path = Models;
			sourceTree = "<group>";
		};
		09D0A0DE2A0F28A0009CB7FA /* Services */ = {
			isa = PBXGroup;
			children = (
				09D0A0DF2A0F28AF009CB7FA /* MovieService.swift */,
				09D0A0E12A0F2CBD009CB7FA /* MovieStore.swift */,
				09D0A0E32A0F2D70009CB7FA /* Utils.swift */,
			);
			path = Services;
			sourceTree = "<group>";
		};
		09D0A0E72A0F3429009CB7FA /* Resources */ = {
			isa = PBXGroup;
			children = (
				09D0A0EA2A0F3812009CB7FA /* movie_info.json */,
				09D0A0E92A0F3812009CB7FA /* movie_list.json */,
				09D0A0E82A0F3812009CB7FA /* search_movie.json */,
			);
			path = Resources;
			sourceTree = "<group>";
		};
		09D0A0F22A0F391D009CB7FA /* Bindings */ = {
			isa = PBXGroup;
			children = (
				09D0A0F32A0F3929009CB7FA /* MovieState.swift */,
				09D0A1012A0F3F58009CB7FA /* ImageLoader.swift */,
				09D0A1052A0F4EAF009CB7FA /* MovieDetailState.swift */,
				097100E42A0F5F0C00FCDE4D /* MovieUpcomingState.swift */,
			);
			path = Bindings;
			sourceTree = "<group>";
		};
/* End PBXGroup section */

/* Begin PBXNativeTarget section */
		095243642A0E13F60013D62E /* Netflix Clone */ = {
			isa = PBXNativeTarget;
			buildConfigurationList = 095243732A0E13FB0013D62E /* Build configuration list for PBXNativeTarget "Netflix Clone" */;
			buildPhases = (
				095243612A0E13F60013D62E /* Sources */,
				095243622A0E13F60013D62E /* Frameworks */,
				095243632A0E13F60013D62E /* Resources */,
			);
			buildRules = (
			);
			dependencies = (
			);
			name = "Netflix Clone";
			packageProductDependencies = (
				095243802A0E17D70013D62E /* SDWebImageSwiftUI */,
			);
			productName = "Netflix Clone";
			productReference = 095243652A0E13F60013D62E /* Netflix Clone.app */;
			productType = "com.apple.product-type.application";
		};
/* End PBXNativeTarget section */

/* Begin PBXProject section */
		0952435D2A0E13F60013D62E /* Project object */ = {
			isa = PBXProject;
			attributes = {
				BuildIndependentTargetsInParallel = 1;
				LastSwiftUpdateCheck = 1300;
				LastUpgradeCheck = 1300;
				TargetAttributes = {
					095243642A0E13F60013D62E = {
						CreatedOnToolsVersion = 13.0;
					};
				};
			};
			buildConfigurationList = 095243602A0E13F60013D62E /* Build configuration list for PBXProject "Netflix Clone" */;
			compatibilityVersion = "Xcode 13.0";
			developmentRegion = en;
			hasScannedForEncodings = 0;
			knownRegions = (
				en,
				Base,
			);
			mainGroup = 0952435C2A0E13F60013D62E;
			packageReferences = (
				0952437F2A0E17D70013D62E /* XCRemoteSwiftPackageReference "SDWebImageSwiftUI" */,
			);
			productRefGroup = 095243662A0E13F60013D62E /* Products */;
			projectDirPath = "";
			projectRoot = "";
			targets = (
				095243642A0E13F60013D62E /* Netflix Clone */,
			);
		};
/* End PBXProject section */

/* Begin PBXResourcesBuildPhase section */
		095243632A0E13F60013D62E /* Resources */ = {
			isa = PBXResourcesBuildPhase;
			buildActionMask = 2147483647;
			files = (
				095243702A0E13FB0013D62E /* Preview Assets.xcassets in Resources */,
				095243842A0E2A070013D62E /* logo.gif in Resources */,
				09D0A0EB2A0F3812009CB7FA /* search_movie.json in Resources */,
				09D0A0EC2A0F3812009CB7FA /* movie_list.json in Resources */,
				09D0A0ED2A0F3812009CB7FA /* movie_info.json in Resources */,
				0952436D2A0E13FB0013D62E /* Assets.xcassets in Resources */,
			);
			runOnlyForDeploymentPostprocessing = 0;
		};
/* End PBXResourcesBuildPhase section */

/* Begin PBXSourcesBuildPhase section */
		095243612A0E13F60013D62E /* Sources */ = {
			isa = PBXSourcesBuildPhase;
			buildActionMask = 2147483647;
			files = (
				097100E52A0F5F0C00FCDE4D /* MovieUpcomingState.swift in Sources */,
				09D0A0D52A0ECBCF009CB7FA /* VideoView.swift in Sources */,
				09D0A0FA2A0F3AF3009CB7FA /* EmptyPlaceholderView.swift in Sources */,
				0952439F2A0E92190013D62E /* HomeView.swift in Sources */,
				09D0A1062A0F4EAF009CB7FA /* MovieDetailState.swift in Sources */,
				09D0A1042A0F4482009CB7FA /* MovieDetailView.swift in Sources */,
				095243862A0E33850013D62E /* HomeScreen.swift in Sources */,
				09D0A0D12A0EC63E009CB7FA /* ProfileView.swift in Sources */,
				0952438B2A0E4EC80013D62E /* TabCurve.swift in Sources */,
				098593582A0F997300AA5E8B /* Particle.swift in Sources */,
				09D0A0EF2A0F3890009CB7FA /* LoadingView.swift in Sources */,
				0952437E2A0E178D0013D62E /* SplashScreen.swift in Sources */,
				09D0A0DD2A0F2832009CB7FA /* Movie.swift in Sources */,
				0952439A2A0E81550013D62E /* ComingSoonView.swift in Sources */,
				09D0A1002A0F3F02009CB7FA /* MovieThumbnailView.swift in Sources */,
				09D0A0E62A0F341F009CB7FA /* Movie+Stub.swift in Sources */,
				09D0A0D92A0F21F6009CB7FA /* SearchBar.swift in Sources */,
				0952436B2A0E13F60013D62E /* ContentView.swift in Sources */,
				09D0A1022A0F3F59009CB7FA /* ImageLoader.swift in Sources */,
				09D0A0F62A0F3960009CB7FA /* DataFetchPhase.swift in Sources */,
				09D0A0E22A0F2CBD009CB7FA /* MovieStore.swift in Sources */,
				098593562A0F995700AA5E8B /* ParticleEffect.swift in Sources */,
				09D0A0D72A0F215C009CB7FA /* SearchView.swift in Sources */,
				09D0A0D32A0ECB80009CB7FA /* VideoManager.swift in Sources */,
				09D0A0FE2A0F3C08009CB7FA /* RetryView.swift in Sources */,
				09D0A0E02A0F28AF009CB7FA /* MovieService.swift in Sources */,
				09D0A1082A0F4EEE009CB7FA /* DataFetchOverlayView.swift in Sources */,
				09D0A0F12A0F38C0009CB7FA /* ActivityIndicator.swift in Sources */,
				095243692A0E13F60013D62E /* Netflix_CloneApp.swift in Sources */,
				09D0A0DB2A0F2320009CB7FA /* SearchState.swift in Sources */,
				095243892A0E49280013D62E /* TabBar.swift in Sources */,
				09D0A10A2A0F4F14009CB7FA /* SafariView.swift in Sources */,
				09D0A10C2A0F55D7009CB7FA /* CustomCarousel.swift in Sources */,
				09D0A0F42A0F3929009CB7FA /* MovieState.swift in Sources */,
				09D0A0E42A0F2D70009CB7FA /* Utils.swift in Sources */,
				0952439D2A0E85740013D62E /* ComingSoon.swift in Sources */,
				097100E72A0F5F5600FCDE4D /* MovieSection.swift in Sources */,
			);
			runOnlyForDeploymentPostprocessing = 0;
		};
/* End PBXSourcesBuildPhase section */

/* Begin XCBuildConfiguration section */
		095243712A0E13FB0013D62E /* Debug */ = {
			isa = XCBuildConfiguration;
			buildSettings = {
				ALWAYS_SEARCH_USER_PATHS = NO;
				CLANG_ANALYZER_NONNULL = YES;
				CLANG_ANALYZER_NUMBER_OBJECT_CONVERSION = YES_AGGRESSIVE;
				CLANG_CXX_LANGUAGE_STANDARD = "gnu++17";
				CLANG_CXX_LIBRARY = "libc++";
				CLANG_ENABLE_MODULES = YES;
				CLANG_ENABLE_OBJC_ARC = YES;
				CLANG_ENABLE_OBJC_WEAK = YES;
				CLANG_WARN_BLOCK_CAPTURE_AUTORELEASING = YES;
				CLANG_WARN_BOOL_CONVERSION = YES;
				CLANG_WARN_COMMA = YES;
				CLANG_WARN_CONSTANT_CONVERSION = YES;
				CLANG_WARN_DEPRECATED_OBJC_IMPLEMENTATIONS = YES;
				CLANG_WARN_DIRECT_OBJC_ISA_USAGE = YES_ERROR;
				CLANG_WARN_DOCUMENTATION_COMMENTS = YES;
				CLANG_WARN_EMPTY_BODY = YES;
				CLANG_WARN_ENUM_CONVERSION = YES;
				CLANG_WARN_INFINITE_RECURSION = YES;
				CLANG_WARN_INT_CONVERSION = YES;
				CLANG_WARN_NON_LITERAL_NULL_CONVERSION = YES;
				CLANG_WARN_OBJC_IMPLICIT_RETAIN_SELF = YES;
				CLANG_WARN_OBJC_LITERAL_CONVERSION = YES;
				CLANG_WARN_OBJC_ROOT_CLASS = YES_ERROR;
				CLANG_WARN_QUOTED_INCLUDE_IN_FRAMEWORK_HEADER = YES;
				CLANG_WARN_RANGE_LOOP_ANALYSIS = YES;
				CLANG_WARN_STRICT_PROTOTYPES = YES;
				CLANG_WARN_SUSPICIOUS_MOVE = YES;
				CLANG_WARN_UNGUARDED_AVAILABILITY = YES_AGGRESSIVE;
				CLANG_WARN_UNREACHABLE_CODE = YES;
				CLANG_WARN__DUPLICATE_METHOD_MATCH = YES;
				COPY_PHASE_STRIP = NO;
				DEBUG_INFORMATION_FORMAT = dwarf;
				ENABLE_STRICT_OBJC_MSGSEND = YES;
				ENABLE_TESTABILITY = YES;
				GCC_C_LANGUAGE_STANDARD = gnu11;
				GCC_DYNAMIC_NO_PIC = NO;
				GCC_NO_COMMON_BLOCKS = YES;
				GCC_OPTIMIZATION_LEVEL = 0;
				GCC_PREPROCESSOR_DEFINITIONS = (
					"DEBUG=1",
					"$(inherited)",
				);
				GCC_WARN_64_TO_32_BIT_CONVERSION = YES;
				GCC_WARN_ABOUT_RETURN_TYPE = YES_ERROR;
				GCC_WARN_UNDECLARED_SELECTOR = YES;
				GCC_WARN_UNINITIALIZED_AUTOS = YES_AGGRESSIVE;
				GCC_WARN_UNUSED_FUNCTION = YES;
				GCC_WARN_UNUSED_VARIABLE = YES;
				IPHONEOS_DEPLOYMENT_TARGET = 15.0;
				MTL_ENABLE_DEBUG_INFO = INCLUDE_SOURCE;
				MTL_FAST_MATH = YES;
				ONLY_ACTIVE_ARCH = YES;
				SDKROOT = iphoneos;
				SWIFT_ACTIVE_COMPILATION_CONDITIONS = DEBUG;
				SWIFT_OPTIMIZATION_LEVEL = "-Onone";
			};
			name = Debug;
		};
		095243722A0E13FB0013D62E /* Release */ = {
			isa = XCBuildConfiguration;
			buildSettings = {
				ALWAYS_SEARCH_USER_PATHS = NO;
				CLANG_ANALYZER_NONNULL = YES;
				CLANG_ANALYZER_NUMBER_OBJECT_CONVERSION = YES_AGGRESSIVE;
				CLANG_CXX_LANGUAGE_STANDARD = "gnu++17";
				CLANG_CXX_LIBRARY = "libc++";
				CLANG_ENABLE_MODULES = YES;
				CLANG_ENABLE_OBJC_ARC = YES;
				CLANG_ENABLE_OBJC_WEAK = YES;
				CLANG_WARN_BLOCK_CAPTURE_AUTORELEASING = YES;
				CLANG_WARN_BOOL_CONVERSION = YES;
				CLANG_WARN_COMMA = YES;
				CLANG_WARN_CONSTANT_CONVERSION = YES;
				CLANG_WARN_DEPRECATED_OBJC_IMPLEMENTATIONS = YES;
				CLANG_WARN_DIRECT_OBJC_ISA_USAGE = YES_ERROR;
				CLANG_WARN_DOCUMENTATION_COMMENTS = YES;
				CLANG_WARN_EMPTY_BODY = YES;
				CLANG_WARN_ENUM_CONVERSION = YES;
				CLANG_WARN_INFINITE_RECURSION = YES;
				CLANG_WARN_INT_CONVERSION = YES;
				CLANG_WARN_NON_LITERAL_NULL_CONVERSION = YES;
				CLANG_WARN_OBJC_IMPLICIT_RETAIN_SELF = YES;
				CLANG_WARN_OBJC_LITERAL_CONVERSION = YES;
				CLANG_WARN_OBJC_ROOT_CLASS = YES_ERROR;
				CLANG_WARN_QUOTED_INCLUDE_IN_FRAMEWORK_HEADER = YES;
				CLANG_WARN_RANGE_LOOP_ANALYSIS = YES;
				CLANG_WARN_STRICT_PROTOTYPES = YES;
				CLANG_WARN_SUSPICIOUS_MOVE = YES;
				CLANG_WARN_UNGUARDED_AVAILABILITY = YES_AGGRESSIVE;
				CLANG_WARN_UNREACHABLE_CODE = YES;
				CLANG_WARN__DUPLICATE_METHOD_MATCH = YES;
				COPY_PHASE_STRIP = NO;
				DEBUG_INFORMATION_FORMAT = "dwarf-with-dsym";
				ENABLE_NS_ASSERTIONS = NO;
				ENABLE_STRICT_OBJC_MSGSEND = YES;
				GCC_C_LANGUAGE_STANDARD = gnu11;
				GCC_NO_COMMON_BLOCKS = YES;
				GCC_WARN_64_TO_32_BIT_CONVERSION = YES;
				GCC_WARN_ABOUT_RETURN_TYPE = YES_ERROR;
				GCC_WARN_UNDECLARED_SELECTOR = YES;
				GCC_WARN_UNINITIALIZED_AUTOS = YES_AGGRESSIVE;
				GCC_WARN_UNUSED_FUNCTION = YES;
				GCC_WARN_UNUSED_VARIABLE = YES;
				IPHONEOS_DEPLOYMENT_TARGET = 15.0;
				MTL_ENABLE_DEBUG_INFO = NO;
				MTL_FAST_MATH = YES;
				SDKROOT = iphoneos;
				SWIFT_COMPILATION_MODE = wholemodule;
				SWIFT_OPTIMIZATION_LEVEL = "-O";
				VALIDATE_PRODUCT = YES;
			};
			name = Release;
		};
		095243742A0E13FB0013D62E /* Debug */ = {
			isa = XCBuildConfiguration;
			buildSettings = {
				ASSETCATALOG_COMPILER_APPICON_NAME = AppIcon;
				ASSETCATALOG_COMPILER_GLOBAL_ACCENT_COLOR_NAME = AccentColor;
				CODE_SIGN_STYLE = Automatic;
				CURRENT_PROJECT_VERSION = 1;
				DEVELOPMENT_ASSET_PATHS = "\"Netflix Clone/Preview Content\"";
				ENABLE_PREVIEWS = YES;
				GENERATE_INFOPLIST_FILE = YES;
				INFOPLIST_FILE = "Netflix-Clone-Info.plist";
				INFOPLIST_KEY_UIApplicationSceneManifest_Generation = YES;
				INFOPLIST_KEY_UIApplicationSupportsIndirectInputEvents = YES;
				INFOPLIST_KEY_UISupportedInterfaceOrientations_iPad = "UIInterfaceOrientationPortrait UIInterfaceOrientationPortraitUpsideDown UIInterfaceOrientationLandscapeLeft UIInterfaceOrientationLandscapeRight";
				INFOPLIST_KEY_UISupportedInterfaceOrientations_iPhone = "UIInterfaceOrientationPortrait UIInterfaceOrientationLandscapeLeft UIInterfaceOrientationLandscapeRight";
				IPHONEOS_DEPLOYMENT_TARGET = 15.0;
				LD_RUNPATH_SEARCH_PATHS = (
					"$(inherited)",
					"@executable_path/Frameworks",
				);
				MARKETING_VERSION = 1.0;
				PRODUCT_BUNDLE_IDENTIFIER = "io.gustonecrush.Netflix-Clone";
				PRODUCT_NAME = "$(TARGET_NAME)";
				SWIFT_EMIT_LOC_STRINGS = YES;
				SWIFT_VERSION = 5.0;
				TARGETED_DEVICE_FAMILY = "1,2";
			};
			name = Debug;
		};
		095243752A0E13FB0013D62E /* Release */ = {
			isa = XCBuildConfiguration;
			buildSettings = {
				ASSETCATALOG_COMPILER_APPICON_NAME = AppIcon;
				ASSETCATALOG_COMPILER_GLOBAL_ACCENT_COLOR_NAME = AccentColor;
				CODE_SIGN_STYLE = Automatic;
				CURRENT_PROJECT_VERSION = 1;
				DEVELOPMENT_ASSET_PATHS = "\"Netflix Clone/Preview Content\"";
				ENABLE_PREVIEWS = YES;
				GENERATE_INFOPLIST_FILE = YES;
				INFOPLIST_FILE = "Netflix-Clone-Info.plist";
				INFOPLIST_KEY_UIApplicationSceneManifest_Generation = YES;
				INFOPLIST_KEY_UIApplicationSupportsIndirectInputEvents = YES;
				INFOPLIST_KEY_UISupportedInterfaceOrientations_iPad = "UIInterfaceOrientationPortrait UIInterfaceOrientationPortraitUpsideDown UIInterfaceOrientationLandscapeLeft UIInterfaceOrientationLandscapeRight";
				INFOPLIST_KEY_UISupportedInterfaceOrientations_iPhone = "UIInterfaceOrientationPortrait UIInterfaceOrientationLandscapeLeft UIInterfaceOrientationLandscapeRight";
				IPHONEOS_DEPLOYMENT_TARGET = 15.0;
				LD_RUNPATH_SEARCH_PATHS = (
					"$(inherited)",
					"@executable_path/Frameworks",
				);
				MARKETING_VERSION = 1.0;
				PRODUCT_BUNDLE_IDENTIFIER = "io.gustonecrush.Netflix-Clone";
				PRODUCT_NAME = "$(TARGET_NAME)";
				SWIFT_EMIT_LOC_STRINGS = YES;
				SWIFT_VERSION = 5.0;
				TARGETED_DEVICE_FAMILY = "1,2";
			};
			name = Release;
		};
/* End XCBuildConfiguration section */

/* Begin XCConfigurationList section */
		095243602A0E13F60013D62E /* Build configuration list for PBXProject "Netflix Clone" */ = {
			isa = XCConfigurationList;
			buildConfigurations = (
				095243712A0E13FB0013D62E /* Debug */,
				095243722A0E13FB0013D62E /* Release */,
			);
			defaultConfigurationIsVisible = 0;
			defaultConfigurationName = Release;
		};
		095243732A0E13FB0013D62E /* Build configuration list for PBXNativeTarget "Netflix Clone" */ = {
			isa = XCConfigurationList;
			buildConfigurations = (
				095243742A0E13FB0013D62E /* Debug */,
				095243752A0E13FB0013D62E /* Release */,
			);
			defaultConfigurationIsVisible = 0;
			defaultConfigurationName = Release;
		};
/* End XCConfigurationList section */

/* Begin XCRemoteSwiftPackageReference section */
		0952437F2A0E17D70013D62E /* XCRemoteSwiftPackageReference "SDWebImageSwiftUI" */ = {
			isa = XCRemoteSwiftPackageReference;
			repositoryURL = "https://github.com/SDWebImage/SDWebImageSwiftUI.git";
			requirement = {
				kind = upToNextMajorVersion;
				minimumVersion = 2.0.0;
			};
		};
/* End XCRemoteSwiftPackageReference section */

/* Begin XCSwiftPackageProductDependency section */
		095243802A0E17D70013D62E /* SDWebImageSwiftUI */ = {
			isa = XCSwiftPackageProductDependency;
			package = 0952437F2A0E17D70013D62E /* XCRemoteSwiftPackageReference "SDWebImageSwiftUI" */;
			productName = SDWebImageSwiftUI;
		};
/* End XCSwiftPackageProductDependency section */
	};
	rootObject = 0952435D2A0E13F60013D62E /* Project object */;
}
